// !$*UTF8*$!
{
	archiveVersion = 1;
	classes = {
	};
	objectVersion = 56;
	objects = {

/* Begin PBXBuildFile section */
		D8201FB22C606934004DF06C /* AppDelegate.swift in Sources */ = {isa = PBXBuildFile; fileRef = D8201FB12C606934004DF06C /* AppDelegate.swift */; };
		D8201FB42C606934004DF06C /* SceneDelegate.swift in Sources */ = {isa = PBXBuildFile; fileRef = D8201FB32C606934004DF06C /* SceneDelegate.swift */; };
		D8201FB62C606934004DF06C /* ViewController.swift in Sources */ = {isa = PBXBuildFile; fileRef = D8201FB52C606934004DF06C /* ViewController.swift */; };
		D8201FB82C606935004DF06C /* Assets.xcassets in Resources */ = {isa = PBXBuildFile; fileRef = D8201FB72C606935004DF06C /* Assets.xcassets */; };
		D8201FBB2C606935004DF06C /* Base in Resources */ = {isa = PBXBuildFile; fileRef = D8201FBA2C606935004DF06C /* Base */; };
		D8201FC62C606935004DF06C /* LetportsTests.swift in Sources */ = {isa = PBXBuildFile; fileRef = D8201FC52C606935004DF06C /* LetportsTests.swift */; };
		D8201FD02C606935004DF06C /* LetportsUITests.swift in Sources */ = {isa = PBXBuildFile; fileRef = D8201FCF2C606935004DF06C /* LetportsUITests.swift */; };
		D8201FD22C606935004DF06C /* LetportsUITestsLaunchTests.swift in Sources */ = {isa = PBXBuildFile; fileRef = D8201FD12C606935004DF06C /* LetportsUITestsLaunchTests.swift */; };
/* End PBXBuildFile section */

/* Begin PBXContainerItemProxy section */
		D8201FC22C606935004DF06C /* PBXContainerItemProxy */ = {
			isa = PBXContainerItemProxy;
			containerPortal = D8201FA62C606934004DF06C /* Project object */;
			proxyType = 1;
			remoteGlobalIDString = D8201FAD2C606934004DF06C;
			remoteInfo = Letports;
		};
		D8201FCC2C606935004DF06C /* PBXContainerItemProxy */ = {
			isa = PBXContainerItemProxy;
			containerPortal = D8201FA62C606934004DF06C /* Project object */;
			proxyType = 1;
			remoteGlobalIDString = D8201FAD2C606934004DF06C;
			remoteInfo = Letports;
		};
/* End PBXContainerItemProxy section */

/* Begin PBXFileReference section */
		D8201FAE2C606934004DF06C /* Letports.app */ = {isa = PBXFileReference; explicitFileType = wrapper.application; includeInIndex = 0; path = Letports.app; sourceTree = BUILT_PRODUCTS_DIR; };
		D8201FB12C606934004DF06C /* AppDelegate.swift */ = {isa = PBXFileReference; lastKnownFileType = sourcecode.swift; path = AppDelegate.swift; sourceTree = "<group>"; };
		D8201FB32C606934004DF06C /* SceneDelegate.swift */ = {isa = PBXFileReference; lastKnownFileType = sourcecode.swift; path = SceneDelegate.swift; sourceTree = "<group>"; };
		D8201FB52C606934004DF06C /* ViewController.swift */ = {isa = PBXFileReference; lastKnownFileType = sourcecode.swift; path = ViewController.swift; sourceTree = "<group>"; };
		D8201FB72C606935004DF06C /* Assets.xcassets */ = {isa = PBXFileReference; lastKnownFileType = folder.assetcatalog; path = Assets.xcassets; sourceTree = "<group>"; };
		D8201FBA2C606935004DF06C /* Base */ = {isa = PBXFileReference; lastKnownFileType = file.storyboard; name = Base; path = Base.lproj/LaunchScreen.storyboard; sourceTree = "<group>"; };
		D8201FBC2C606935004DF06C /* Info.plist */ = {isa = PBXFileReference; lastKnownFileType = text.plist.xml; path = Info.plist; sourceTree = "<group>"; };
		D8201FC12C606935004DF06C /* LetportsTests.xctest */ = {isa = PBXFileReference; explicitFileType = wrapper.cfbundle; includeInIndex = 0; path = LetportsTests.xctest; sourceTree = BUILT_PRODUCTS_DIR; };
		D8201FC52C606935004DF06C /* LetportsTests.swift */ = {isa = PBXFileReference; lastKnownFileType = sourcecode.swift; path = LetportsTests.swift; sourceTree = "<group>"; };
		D8201FCB2C606935004DF06C /* LetportsUITests.xctest */ = {isa = PBXFileReference; explicitFileType = wrapper.cfbundle; includeInIndex = 0; path = LetportsUITests.xctest; sourceTree = BUILT_PRODUCTS_DIR; };
		D8201FCF2C606935004DF06C /* LetportsUITests.swift */ = {isa = PBXFileReference; lastKnownFileType = sourcecode.swift; path = LetportsUITests.swift; sourceTree = "<group>"; };
		D8201FD12C606935004DF06C /* LetportsUITestsLaunchTests.swift */ = {isa = PBXFileReference; lastKnownFileType = sourcecode.swift; path = LetportsUITestsLaunchTests.swift; sourceTree = "<group>"; };
		D8901F722C60A5F3005FD4B5 /* .gitignore */ = {isa = PBXFileReference; lastKnownFileType = text; path = .gitignore; sourceTree = "<group>"; };
/* End PBXFileReference section */

/* Begin PBXFrameworksBuildPhase section */
		D8201FAB2C606934004DF06C /* Frameworks */ = {
			isa = PBXFrameworksBuildPhase;
			buildActionMask = 2147483647;
			files = (
			);
			runOnlyForDeploymentPostprocessing = 0;
		};
		D8201FBE2C606935004DF06C /* Frameworks */ = {
			isa = PBXFrameworksBuildPhase;
			buildActionMask = 2147483647;
			files = (
			);
			runOnlyForDeploymentPostprocessing = 0;
		};
		D8201FC82C606935004DF06C /* Frameworks */ = {
			isa = PBXFrameworksBuildPhase;
			buildActionMask = 2147483647;
			files = (
			);
			runOnlyForDeploymentPostprocessing = 0;
		};
/* End PBXFrameworksBuildPhase section */

/* Begin PBXGroup section */
		D8201FA52C606934004DF06C = {
			isa = PBXGroup;
			children = (
				D8901F722C60A5F3005FD4B5 /* .gitignore */,
				D8201FB02C606934004DF06C /* Letports */,
				D8201FC42C606935004DF06C /* LetportsTests */,
				D8201FCE2C606935004DF06C /* LetportsUITests */,
				D8201FAF2C606934004DF06C /* Products */,
			);
			sourceTree = "<group>";
		};
		D8201FAF2C606934004DF06C /* Products */ = {
			isa = PBXGroup;
			children = (
				D8201FAE2C606934004DF06C /* Letports.app */,
				D8201FC12C606935004DF06C /* LetportsTests.xctest */,
				D8201FCB2C606935004DF06C /* LetportsUITests.xctest */,
			);
			name = Products;
			sourceTree = "<group>";
		};
		D8201FB02C606934004DF06C /* Letports */ = {
			isa = PBXGroup;
			children = (
				D8201FB12C606934004DF06C /* AppDelegate.swift */,
				D8201FB32C606934004DF06C /* SceneDelegate.swift */,
				D8201FB52C606934004DF06C /* ViewController.swift */,
				D8201FB72C606935004DF06C /* Assets.xcassets */,
				D8201FB92C606935004DF06C /* LaunchScreen.storyboard */,
				D8201FBC2C606935004DF06C /* Info.plist */,
			);
			path = Letports;
			sourceTree = "<group>";
		};
		D8201FC42C606935004DF06C /* LetportsTests */ = {
			isa = PBXGroup;
			children = (
				D8201FC52C606935004DF06C /* LetportsTests.swift */,
			);
			path = LetportsTests;
			sourceTree = "<group>";
		};
		D8201FCE2C606935004DF06C /* LetportsUITests */ = {
			isa = PBXGroup;
			children = (
				D8201FCF2C606935004DF06C /* LetportsUITests.swift */,
				D8201FD12C606935004DF06C /* LetportsUITestsLaunchTests.swift */,
			);
			path = LetportsUITests;
			sourceTree = "<group>";
		};
/* End PBXGroup section */

/* Begin PBXNativeTarget section */
		D8201FAD2C606934004DF06C /* Letports */ = {
			isa = PBXNativeTarget;
			buildConfigurationList = D8201FD52C606935004DF06C /* Build configuration list for PBXNativeTarget "Letports" */;
			buildPhases = (
				D8201FAA2C606934004DF06C /* Sources */,
				D8201FAB2C606934004DF06C /* Frameworks */,
				D8201FAC2C606934004DF06C /* Resources */,
			);
			buildRules = (
			);
			dependencies = (
			);
			name = Letports;
			productName = Letports;
			productReference = D8201FAE2C606934004DF06C /* Letports.app */;
			productType = "com.apple.product-type.application";
		};
		D8201FC02C606935004DF06C /* LetportsTests */ = {
			isa = PBXNativeTarget;
			buildConfigurationList = D8201FD82C606935004DF06C /* Build configuration list for PBXNativeTarget "LetportsTests" */;
			buildPhases = (
				D8201FBD2C606935004DF06C /* Sources */,
				D8201FBE2C606935004DF06C /* Frameworks */,
				D8201FBF2C606935004DF06C /* Resources */,
			);
			buildRules = (
			);
			dependencies = (
				D8201FC32C606935004DF06C /* PBXTargetDependency */,
			);
			name = LetportsTests;
			productName = LetportsTests;
			productReference = D8201FC12C606935004DF06C /* LetportsTests.xctest */;
			productType = "com.apple.product-type.bundle.unit-test";
		};
		D8201FCA2C606935004DF06C /* LetportsUITests */ = {
			isa = PBXNativeTarget;
			buildConfigurationList = D8201FDB2C606935004DF06C /* Build configuration list for PBXNativeTarget "LetportsUITests" */;
			buildPhases = (
				D8201FC72C606935004DF06C /* Sources */,
				D8201FC82C606935004DF06C /* Frameworks */,
				D8201FC92C606935004DF06C /* Resources */,
			);
			buildRules = (
			);
			dependencies = (
				D8201FCD2C606935004DF06C /* PBXTargetDependency */,
			);
			name = LetportsUITests;
			productName = LetportsUITests;
			productReference = D8201FCB2C606935004DF06C /* LetportsUITests.xctest */;
			productType = "com.apple.product-type.bundle.ui-testing";
		};
/* End PBXNativeTarget section */

/* Begin PBXProject section */
		D8201FA62C606934004DF06C /* Project object */ = {
			isa = PBXProject;
			attributes = {
				BuildIndependentTargetsInParallel = 1;
				LastSwiftUpdateCheck = 1530;
				LastUpgradeCheck = 1530;
				TargetAttributes = {
					D8201FAD2C606934004DF06C = {
						CreatedOnToolsVersion = 15.3;
					};
					D8201FC02C606935004DF06C = {
						CreatedOnToolsVersion = 15.3;
						TestTargetID = D8201FAD2C606934004DF06C;
					};
					D8201FCA2C606935004DF06C = {
						CreatedOnToolsVersion = 15.3;
						TestTargetID = D8201FAD2C606934004DF06C;
					};
				};
			};
			buildConfigurationList = D8201FA92C606934004DF06C /* Build configuration list for PBXProject "Letports" */;
			compatibilityVersion = "Xcode 14.0";
			developmentRegion = en;
			hasScannedForEncodings = 0;
			knownRegions = (
				en,
				Base,
			);
			mainGroup = D8201FA52C606934004DF06C;
			productRefGroup = D8201FAF2C606934004DF06C /* Products */;
			projectDirPath = "";
			projectRoot = "";
			targets = (
				D8201FAD2C606934004DF06C /* Letports */,
				D8201FC02C606935004DF06C /* LetportsTests */,
				D8201FCA2C606935004DF06C /* LetportsUITests */,
			);
		};
/* End PBXProject section */

/* Begin PBXResourcesBuildPhase section */
		D8201FAC2C606934004DF06C /* Resources */ = {
			isa = PBXResourcesBuildPhase;
			buildActionMask = 2147483647;
			files = (
				D8201FB82C606935004DF06C /* Assets.xcassets in Resources */,
				D8201FBB2C606935004DF06C /* Base in Resources */,
			);
			runOnlyForDeploymentPostprocessing = 0;
		};
		D8201FBF2C606935004DF06C /* Resources */ = {
			isa = PBXResourcesBuildPhase;
			buildActionMask = 2147483647;
			files = (
			);
			runOnlyForDeploymentPostprocessing = 0;
		};
		D8201FC92C606935004DF06C /* Resources */ = {
			isa = PBXResourcesBuildPhase;
			buildActionMask = 2147483647;
			files = (
			);
			runOnlyForDeploymentPostprocessing = 0;
		};
/* End PBXResourcesBuildPhase section */

/* Begin PBXSourcesBuildPhase section */
		D8201FAA2C606934004DF06C /* Sources */ = {
			isa = PBXSourcesBuildPhase;
			buildActionMask = 2147483647;
			files = (
				D8201FB62C606934004DF06C /* ViewController.swift in Sources */,
				D8201FB22C606934004DF06C /* AppDelegate.swift in Sources */,
				D8201FB42C606934004DF06C /* SceneDelegate.swift in Sources */,
			);
			runOnlyForDeploymentPostprocessing = 0;
		};
		D8201FBD2C606935004DF06C /* Sources */ = {
			isa = PBXSourcesBuildPhase;
			buildActionMask = 2147483647;
			files = (
				D8201FC62C606935004DF06C /* LetportsTests.swift in Sources */,
			);
			runOnlyForDeploymentPostprocessing = 0;
		};
		D8201FC72C606935004DF06C /* Sources */ = {
			isa = PBXSourcesBuildPhase;
			buildActionMask = 2147483647;
			files = (
				D8201FD22C606935004DF06C /* LetportsUITestsLaunchTests.swift in Sources */,
				D8201FD02C606935004DF06C /* LetportsUITests.swift in Sources */,
			);
			runOnlyForDeploymentPostprocessing = 0;
		};
/* End PBXSourcesBuildPhase section */

/* Begin PBXTargetDependency section */
		D8201FC32C606935004DF06C /* PBXTargetDependency */ = {
			isa = PBXTargetDependency;
			target = D8201FAD2C606934004DF06C /* Letports */;
			targetProxy = D8201FC22C606935004DF06C /* PBXContainerItemProxy */;
		};
		D8201FCD2C606935004DF06C /* PBXTargetDependency */ = {
			isa = PBXTargetDependency;
			target = D8201FAD2C606934004DF06C /* Letports */;
			targetProxy = D8201FCC2C606935004DF06C /* PBXContainerItemProxy */;
		};
/* End PBXTargetDependency section */

/* Begin PBXVariantGroup section */
		D8201FB92C606935004DF06C /* LaunchScreen.storyboard */ = {
			isa = PBXVariantGroup;
			children = (
				D8201FBA2C606935004DF06C /* Base */,
			);
			name = LaunchScreen.storyboard;
			sourceTree = "<group>";
		};
/* End PBXVariantGroup section */

/* Begin XCBuildConfiguration section */
		D8201FD32C606935004DF06C /* Debug */ = {
			isa = XCBuildConfiguration;
			buildSettings = {
				ALWAYS_SEARCH_USER_PATHS = NO;
				ASSETCATALOG_COMPILER_GENERATE_SWIFT_ASSET_SYMBOL_EXTENSIONS = YES;
				CLANG_ANALYZER_NONNULL = YES;
				CLANG_ANALYZER_NUMBER_OBJECT_CONVERSION = YES_AGGRESSIVE;
				CLANG_CXX_LANGUAGE_STANDARD = "gnu++20";
				CLANG_ENABLE_MODULES = YES;
				CLANG_ENABLE_OBJC_ARC = YES;
				CLANG_ENABLE_OBJC_WEAK = YES;
				CLANG_WARN_BLOCK_CAPTURE_AUTORELEASING = YES;
				CLANG_WARN_BOOL_CONVERSION = YES;
				CLANG_WARN_COMMA = YES;
				CLANG_WARN_CONSTANT_CONVERSION = YES;
				CLANG_WARN_DEPRECATED_OBJC_IMPLEMENTATIONS = YES;
				CLANG_WARN_DIRECT_OBJC_ISA_USAGE = YES_ERROR;
				CLANG_WARN_DOCUMENTATION_COMMENTS = YES;
				CLANG_WARN_EMPTY_BODY = YES;
				CLANG_WARN_ENUM_CONVERSION = YES;
				CLANG_WARN_INFINITE_RECURSION = YES;
				CLANG_WARN_INT_CONVERSION = YES;
				CLANG_WARN_NON_LITERAL_NULL_CONVERSION = YES;
				CLANG_WARN_OBJC_IMPLICIT_RETAIN_SELF = YES;
				CLANG_WARN_OBJC_LITERAL_CONVERSION = YES;
				CLANG_WARN_OBJC_ROOT_CLASS = YES_ERROR;
				CLANG_WARN_QUOTED_INCLUDE_IN_FRAMEWORK_HEADER = YES;
				CLANG_WARN_RANGE_LOOP_ANALYSIS = YES;
				CLANG_WARN_STRICT_PROTOTYPES = YES;
				CLANG_WARN_SUSPICIOUS_MOVE = YES;
				CLANG_WARN_UNGUARDED_AVAILABILITY = YES_AGGRESSIVE;
				CLANG_WARN_UNREACHABLE_CODE = YES;
				CLANG_WARN__DUPLICATE_METHOD_MATCH = YES;
				COPY_PHASE_STRIP = NO;
				DEBUG_INFORMATION_FORMAT = dwarf;
				ENABLE_STRICT_OBJC_MSGSEND = YES;
				ENABLE_TESTABILITY = YES;
				ENABLE_USER_SCRIPT_SANDBOXING = YES;
				GCC_C_LANGUAGE_STANDARD = gnu17;
				GCC_DYNAMIC_NO_PIC = NO;
				GCC_NO_COMMON_BLOCKS = YES;
				GCC_OPTIMIZATION_LEVEL = 0;
				GCC_PREPROCESSOR_DEFINITIONS = (
					"DEBUG=1",
					"$(inherited)",
				);
				GCC_WARN_64_TO_32_BIT_CONVERSION = YES;
				GCC_WARN_ABOUT_RETURN_TYPE = YES_ERROR;
				GCC_WARN_UNDECLARED_SELECTOR = YES;
				GCC_WARN_UNINITIALIZED_AUTOS = YES_AGGRESSIVE;
				GCC_WARN_UNUSED_FUNCTION = YES;
				GCC_WARN_UNUSED_VARIABLE = YES;
				IPHONEOS_DEPLOYMENT_TARGET = 17.4;
				LOCALIZATION_PREFERS_STRING_CATALOGS = YES;
				MTL_ENABLE_DEBUG_INFO = INCLUDE_SOURCE;
				MTL_FAST_MATH = YES;
				ONLY_ACTIVE_ARCH = YES;
				SDKROOT = iphoneos;
				SWIFT_ACTIVE_COMPILATION_CONDITIONS = "DEBUG $(inherited)";
				SWIFT_OPTIMIZATION_LEVEL = "-Onone";
			};
			name = Debug;
		};
		D8201FD42C606935004DF06C /* Release */ = {
			isa = XCBuildConfiguration;
			buildSettings = {
				ALWAYS_SEARCH_USER_PATHS = NO;
				ASSETCATALOG_COMPILER_GENERATE_SWIFT_ASSET_SYMBOL_EXTENSIONS = YES;
				CLANG_ANALYZER_NONNULL = YES;
				CLANG_ANALYZER_NUMBER_OBJECT_CONVERSION = YES_AGGRESSIVE;
				CLANG_CXX_LANGUAGE_STANDARD = "gnu++20";
				CLANG_ENABLE_MODULES = YES;
				CLANG_ENABLE_OBJC_ARC = YES;
				CLANG_ENABLE_OBJC_WEAK = YES;
				CLANG_WARN_BLOCK_CAPTURE_AUTORELEASING = YES;
				CLANG_WARN_BOOL_CONVERSION = YES;
				CLANG_WARN_COMMA = YES;
				CLANG_WARN_CONSTANT_CONVERSION = YES;
				CLANG_WARN_DEPRECATED_OBJC_IMPLEMENTATIONS = YES;
				CLANG_WARN_DIRECT_OBJC_ISA_USAGE = YES_ERROR;
				CLANG_WARN_DOCUMENTATION_COMMENTS = YES;
				CLANG_WARN_EMPTY_BODY = YES;
				CLANG_WARN_ENUM_CONVERSION = YES;
				CLANG_WARN_INFINITE_RECURSION = YES;
				CLANG_WARN_INT_CONVERSION = YES;
				CLANG_WARN_NON_LITERAL_NULL_CONVERSION = YES;
				CLANG_WARN_OBJC_IMPLICIT_RETAIN_SELF = YES;
				CLANG_WARN_OBJC_LITERAL_CONVERSION = YES;
				CLANG_WARN_OBJC_ROOT_CLASS = YES_ERROR;
				CLANG_WARN_QUOTED_INCLUDE_IN_FRAMEWORK_HEADER = YES;
				CLANG_WARN_RANGE_LOOP_ANALYSIS = YES;
				CLANG_WARN_STRICT_PROTOTYPES = YES;
				CLANG_WARN_SUSPICIOUS_MOVE = YES;
				CLANG_WARN_UNGUARDED_AVAILABILITY = YES_AGGRESSIVE;
				CLANG_WARN_UNREACHABLE_CODE = YES;
				CLANG_WARN__DUPLICATE_METHOD_MATCH = YES;
				COPY_PHASE_STRIP = NO;
				DEBUG_INFORMATION_FORMAT = "dwarf-with-dsym";
				ENABLE_NS_ASSERTIONS = NO;
				ENABLE_STRICT_OBJC_MSGSEND = YES;
				ENABLE_USER_SCRIPT_SANDBOXING = YES;
				GCC_C_LANGUAGE_STANDARD = gnu17;
				GCC_NO_COMMON_BLOCKS = YES;
				GCC_WARN_64_TO_32_BIT_CONVERSION = YES;
				GCC_WARN_ABOUT_RETURN_TYPE = YES_ERROR;
				GCC_WARN_UNDECLARED_SELECTOR = YES;
				GCC_WARN_UNINITIALIZED_AUTOS = YES_AGGRESSIVE;
				GCC_WARN_UNUSED_FUNCTION = YES;
				GCC_WARN_UNUSED_VARIABLE = YES;
				IPHONEOS_DEPLOYMENT_TARGET = 17.4;
				LOCALIZATION_PREFERS_STRING_CATALOGS = YES;
				MTL_ENABLE_DEBUG_INFO = NO;
				MTL_FAST_MATH = YES;
				SDKROOT = iphoneos;
				SWIFT_COMPILATION_MODE = wholemodule;
				VALIDATE_PRODUCT = YES;
			};
			name = Release;
		};
		D8201FD62C606935004DF06C /* Debug */ = {
			isa = XCBuildConfiguration;
			buildSettings = {
				ASSETCATALOG_COMPILER_APPICON_NAME = AppIcon;
				ASSETCATALOG_COMPILER_GLOBAL_ACCENT_COLOR_NAME = AccentColor;
				CODE_SIGN_STYLE = Automatic;
				CURRENT_PROJECT_VERSION = 1;
				DEVELOPMENT_TEAM = 9VD7JAKR25;
				GENERATE_INFOPLIST_FILE = YES;
				INFOPLIST_FILE = Letports/Info.plist;
				INFOPLIST_KEY_UIApplicationSupportsIndirectInputEvents = YES;
				INFOPLIST_KEY_UILaunchStoryboardName = LaunchScreen;
				INFOPLIST_KEY_UISupportedInterfaceOrientations_iPad = "UIInterfaceOrientationPortrait UIInterfaceOrientationPortraitUpsideDown UIInterfaceOrientationLandscapeLeft UIInterfaceOrientationLandscapeRight";
				INFOPLIST_KEY_UISupportedInterfaceOrientations_iPhone = "UIInterfaceOrientationPortrait UIInterfaceOrientationLandscapeLeft UIInterfaceOrientationLandscapeRight";
				IPHONEOS_DEPLOYMENT_TARGET = 17.4;
				LD_RUNPATH_SEARCH_PATHS = (
					"$(inherited)",
					"@executable_path/Frameworks",
				);
				MARKETING_VERSION = 1.0;
				PRODUCT_BUNDLE_IDENTIFIER = com.mosi.Letports;
				PRODUCT_NAME = "$(TARGET_NAME)";
				SUPPORTED_PLATFORMS = "iphoneos iphonesimulator";
				SUPPORTS_MACCATALYST = NO;
				SUPPORTS_MAC_DESIGNED_FOR_IPHONE_IPAD = NO;
				SUPPORTS_XR_DESIGNED_FOR_IPHONE_IPAD = NO;
				SWIFT_EMIT_LOC_STRINGS = YES;
				SWIFT_VERSION = 5.0;
				TARGETED_DEVICE_FAMILY = 1;
			};
			name = Debug;
		};
		D8201FD72C606935004DF06C /* Release */ = {
			isa = XCBuildConfiguration;
			buildSettings = {
				ASSETCATALOG_COMPILER_APPICON_NAME = AppIcon;
				ASSETCATALOG_COMPILER_GLOBAL_ACCENT_COLOR_NAME = AccentColor;
				CODE_SIGN_STYLE = Automatic;
				CURRENT_PROJECT_VERSION = 1;
				DEVELOPMENT_TEAM = 9VD7JAKR25;
				GENERATE_INFOPLIST_FILE = YES;
				INFOPLIST_FILE = Letports/Info.plist;
				INFOPLIST_KEY_UIApplicationSupportsIndirectInputEvents = YES;
				INFOPLIST_KEY_UILaunchStoryboardName = LaunchScreen;
				INFOPLIST_KEY_UISupportedInterfaceOrientations_iPad = "UIInterfaceOrientationPortrait UIInterfaceOrientationPortraitUpsideDown UIInterfaceOrientationLandscapeLeft UIInterfaceOrientationLandscapeRight";
				INFOPLIST_KEY_UISupportedInterfaceOrientations_iPhone = "UIInterfaceOrientationPortrait UIInterfaceOrientationLandscapeLeft UIInterfaceOrientationLandscapeRight";
				IPHONEOS_DEPLOYMENT_TARGET = 17.4;
				LD_RUNPATH_SEARCH_PATHS = (
					"$(inherited)",
					"@executable_path/Frameworks",
				);
				MARKETING_VERSION = 1.0;
				PRODUCT_BUNDLE_IDENTIFIER = com.mosi.Letports;
				PRODUCT_NAME = "$(TARGET_NAME)";
				SUPPORTED_PLATFORMS = "iphoneos iphonesimulator";
				SUPPORTS_MACCATALYST = NO;
				SUPPORTS_MAC_DESIGNED_FOR_IPHONE_IPAD = NO;
				SUPPORTS_XR_DESIGNED_FOR_IPHONE_IPAD = NO;
				SWIFT_EMIT_LOC_STRINGS = YES;
				SWIFT_VERSION = 5.0;
				TARGETED_DEVICE_FAMILY = 1;
			};
			name = Release;
		};
		D8201FD92C606935004DF06C /* Debug */ = {
			isa = XCBuildConfiguration;
			buildSettings = {
				ALWAYS_EMBED_SWIFT_STANDARD_LIBRARIES = YES;
				BUNDLE_LOADER = "$(TEST_HOST)";
				CODE_SIGN_STYLE = Automatic;
				CURRENT_PROJECT_VERSION = 1;
				DEVELOPMENT_TEAM = 9VD7JAKR25;
				GENERATE_INFOPLIST_FILE = YES;
				IPHONEOS_DEPLOYMENT_TARGET = 17.4;
				MARKETING_VERSION = 1.0;
				PRODUCT_BUNDLE_IDENTIFIER = com.AppSchool5.LetportsTests;
				PRODUCT_NAME = "$(TARGET_NAME)";
				SWIFT_EMIT_LOC_STRINGS = NO;
				SWIFT_VERSION = 5.0;
				TARGETED_DEVICE_FAMILY = "1,2";
				TEST_HOST = "$(BUILT_PRODUCTS_DIR)/Letports.app/$(BUNDLE_EXECUTABLE_FOLDER_PATH)/Letports";
			};
			name = Debug;
		};
		D8201FDA2C606935004DF06C /* Release */ = {
			isa = XCBuildConfiguration;
			buildSettings = {
				ALWAYS_EMBED_SWIFT_STANDARD_LIBRARIES = YES;
				BUNDLE_LOADER = "$(TEST_HOST)";
				CODE_SIGN_STYLE = Automatic;
				CURRENT_PROJECT_VERSION = 1;
				DEVELOPMENT_TEAM = 9VD7JAKR25;
				GENERATE_INFOPLIST_FILE = YES;
				IPHONEOS_DEPLOYMENT_TARGET = 17.4;
				MARKETING_VERSION = 1.0;
				PRODUCT_BUNDLE_IDENTIFIER = com.AppSchool5.LetportsTests;
				PRODUCT_NAME = "$(TARGET_NAME)";
				SWIFT_EMIT_LOC_STRINGS = NO;
				SWIFT_VERSION = 5.0;
				TARGETED_DEVICE_FAMILY = "1,2";
				TEST_HOST = "$(BUILT_PRODUCTS_DIR)/Letports.app/$(BUNDLE_EXECUTABLE_FOLDER_PATH)/Letports";
			};
			name = Release;
		};
		D8201FDC2C606935004DF06C /* Debug */ = {
			isa = XCBuildConfiguration;
			buildSettings = {
				ALWAYS_EMBED_SWIFT_STANDARD_LIBRARIES = YES;
				CODE_SIGN_STYLE = Automatic;
				CURRENT_PROJECT_VERSION = 1;
				DEVELOPMENT_TEAM = 9VD7JAKR25;
				GENERATE_INFOPLIST_FILE = YES;
				MARKETING_VERSION = 1.0;
				PRODUCT_BUNDLE_IDENTIFIER = com.AppSchool5.LetportsUITests;
				PRODUCT_NAME = "$(TARGET_NAME)";
				SWIFT_EMIT_LOC_STRINGS = NO;
				SWIFT_VERSION = 5.0;
				TARGETED_DEVICE_FAMILY = "1,2";
				TEST_TARGET_NAME = Letports;
			};
			name = Debug;
		};
		D8201FDD2C606935004DF06C /* Release */ = {
			isa = XCBuildConfiguration;
			buildSettings = {
				ALWAYS_EMBED_SWIFT_STANDARD_LIBRARIES = YES;
				CODE_SIGN_STYLE = Automatic;
				CURRENT_PROJECT_VERSION = 1;
				DEVELOPMENT_TEAM = 9VD7JAKR25;
				GENERATE_INFOPLIST_FILE = YES;
				MARKETING_VERSION = 1.0;
				PRODUCT_BUNDLE_IDENTIFIER = com.AppSchool5.LetportsUITests;
				PRODUCT_NAME = "$(TARGET_NAME)";
				SWIFT_EMIT_LOC_STRINGS = NO;
				SWIFT_VERSION = 5.0;
				TARGETED_DEVICE_FAMILY = "1,2";
				TEST_TARGET_NAME = Letports;
			};
			name = Release;
		};
/* End XCBuildConfiguration section */

/* Begin XCConfigurationList section */
		D8201FA92C606934004DF06C /* Build configuration list for PBXProject "Letports" */ = {
			isa = XCConfigurationList;
			buildConfigurations = (
				D8201FD32C606935004DF06C /* Debug */,
				D8201FD42C606935004DF06C /* Release */,
			);
			defaultConfigurationIsVisible = 0;
			defaultConfigurationName = Release;
		};
		D8201FD52C606935004DF06C /* Build configuration list for PBXNativeTarget "Letports" */ = {
			isa = XCConfigurationList;
			buildConfigurations = (
				D8201FD62C606935004DF06C /* Debug */,
				D8201FD72C606935004DF06C /* Release */,
			);
			defaultConfigurationIsVisible = 0;
			defaultConfigurationName = Release;
		};
		D8201FD82C606935004DF06C /* Build configuration list for PBXNativeTarget "LetportsTests" */ = {
			isa = XCConfigurationList;
			buildConfigurations = (
				D8201FD92C606935004DF06C /* Debug */,
				D8201FDA2C606935004DF06C /* Release */,
			);
			defaultConfigurationIsVisible = 0;
			defaultConfigurationName = Release;
		};
		D8201FDB2C606935004DF06C /* Build configuration list for PBXNativeTarget "LetportsUITests" */ = {
			isa = XCConfigurationList;
			buildConfigurations = (
				D8201FDC2C606935004DF06C /* Debug */,
				D8201FDD2C606935004DF06C /* Release */,
			);
			defaultConfigurationIsVisible = 0;
			defaultConfigurationName = Release;
		};
/* End XCConfigurationList section */
	};
	rootObject = D8201FA62C606934004DF06C /* Project object */;
}
