// !$*UTF8*$!
{
	archiveVersion = 1;
	classes = {
	};
	objectVersion = 74;
	objects = {

/* Begin PBXContainerItemProxy section */
		D8D2CE872C5CA7F70099C6F0 /* PBXContainerItemProxy */ = {
			isa = PBXContainerItemProxy;
			containerPortal = D8D2CE6B2C5CA7F60099C6F0 /* Project object */;
			proxyType = 1;
			remoteGlobalIDString = D8D2CE722C5CA7F60099C6F0;
			remoteInfo = Letports;
		};
		D8D2CE912C5CA7F70099C6F0 /* PBXContainerItemProxy */ = {
			isa = PBXContainerItemProxy;
			containerPortal = D8D2CE6B2C5CA7F60099C6F0 /* Project object */;
			proxyType = 1;
			remoteGlobalIDString = D8D2CE722C5CA7F60099C6F0;
			remoteInfo = Letports;
		};
/* End PBXContainerItemProxy section */

/* Begin PBXFileReference section */
		D8D2CE732C5CA7F60099C6F0 /* Letports.app */ = {isa = PBXFileReference; explicitFileType = wrapper.application; includeInIndex = 0; path = Letports.app; sourceTree = BUILT_PRODUCTS_DIR; };
		D8D2CE862C5CA7F70099C6F0 /* LetportsTests.xctest */ = {isa = PBXFileReference; explicitFileType = wrapper.cfbundle; includeInIndex = 0; path = LetportsTests.xctest; sourceTree = BUILT_PRODUCTS_DIR; };
		D8D2CE902C5CA7F70099C6F0 /* LetportsUITests.xctest */ = {isa = PBXFileReference; explicitFileType = wrapper.cfbundle; includeInIndex = 0; path = LetportsUITests.xctest; sourceTree = BUILT_PRODUCTS_DIR; };
/* End PBXFileReference section */

/* Begin PBXFileSystemSynchronizedBuildFileExceptionSet section */
		D8D2CE982C5CA7F70099C6F0 /* PBXFileSystemSynchronizedBuildFileExceptionSet */ = {
			isa = PBXFileSystemSynchronizedBuildFileExceptionSet;
			membershipExceptions = (
				/Localized/LaunchScreen.storyboard,
				Info.plist,
			);
			target = D8D2CE722C5CA7F60099C6F0 /* Letports */;
		};
/* End PBXFileSystemSynchronizedBuildFileExceptionSet section */

/* Begin PBXFileSystemSynchronizedGroupBuildPhaseMembershipExceptionSet section */
		D8D2CE9C2C5CA7F70099C6F0 /* PBXFileSystemSynchronizedGroupBuildPhaseMembershipExceptionSet */ = {
			isa = PBXFileSystemSynchronizedGroupBuildPhaseMembershipExceptionSet;
			buildPhase = D8D2CE712C5CA7F60099C6F0 /* Resources */;
			membershipExceptions = (
				Base.lproj/LaunchScreen.storyboard,
			);
		};
/* End PBXFileSystemSynchronizedGroupBuildPhaseMembershipExceptionSet section */

/* Begin PBXFileSystemSynchronizedRootGroup section */
		D8D2CE752C5CA7F60099C6F0 /* Letports */ = {isa = PBXFileSystemSynchronizedRootGroup; exceptions = (D8D2CE982C5CA7F70099C6F0 /* PBXFileSystemSynchronizedBuildFileExceptionSet */, D8D2CE9C2C5CA7F70099C6F0 /* PBXFileSystemSynchronizedGroupBuildPhaseMembershipExceptionSet */, ); explicitFileTypes = {}; explicitFolders = (); path = Letports; sourceTree = "<group>"; };
		D8D2CE892C5CA7F70099C6F0 /* LetportsTests */ = {isa = PBXFileSystemSynchronizedRootGroup; explicitFileTypes = {}; explicitFolders = (); path = LetportsTests; sourceTree = "<group>"; };
		D8D2CE932C5CA7F70099C6F0 /* LetportsUITests */ = {isa = PBXFileSystemSynchronizedRootGroup; explicitFileTypes = {}; explicitFolders = (); path = LetportsUITests; sourceTree = "<group>"; };
/* End PBXFileSystemSynchronizedRootGroup section */

/* Begin PBXFrameworksBuildPhase section */
		D8D2CE702C5CA7F60099C6F0 /* Frameworks */ = {
			isa = PBXFrameworksBuildPhase;
			buildActionMask = 2147483647;
			files = (
			);
			runOnlyForDeploymentPostprocessing = 0;
		};
		D8D2CE832C5CA7F70099C6F0 /* Frameworks */ = {
			isa = PBXFrameworksBuildPhase;
			buildActionMask = 2147483647;
			files = (
			);
			runOnlyForDeploymentPostprocessing = 0;
		};
		D8D2CE8D2C5CA7F70099C6F0 /* Frameworks */ = {
			isa = PBXFrameworksBuildPhase;
			buildActionMask = 2147483647;
			files = (
			);
			runOnlyForDeploymentPostprocessing = 0;
		};
/* End PBXFrameworksBuildPhase section */

/* Begin PBXGroup section */
		D8D2CE6A2C5CA7F60099C6F0 = {
			isa = PBXGroup;
			children = (
				D8D2CE752C5CA7F60099C6F0 /* Letports */,
				D8D2CE892C5CA7F70099C6F0 /* LetportsTests */,
				D8D2CE932C5CA7F70099C6F0 /* LetportsUITests */,
				D8D2CE742C5CA7F60099C6F0 /* Products */,
			);
			sourceTree = "<group>";
		};
		D8D2CE742C5CA7F60099C6F0 /* Products */ = {
			isa = PBXGroup;
			children = (
				D8D2CE732C5CA7F60099C6F0 /* Letports.app */,
				D8D2CE862C5CA7F70099C6F0 /* LetportsTests.xctest */,
				D8D2CE902C5CA7F70099C6F0 /* LetportsUITests.xctest */,
			);
			name = Products;
			sourceTree = "<group>";
		};
/* End PBXGroup section */

/* Begin PBXNativeTarget section */
		D8D2CE722C5CA7F60099C6F0 /* Letports */ = {
			isa = PBXNativeTarget;
			buildConfigurationList = D8D2CE992C5CA7F70099C6F0 /* Build configuration list for PBXNativeTarget "Letports" */;
			buildPhases = (
				D8D2CE6F2C5CA7F60099C6F0 /* Sources */,
				D8D2CE702C5CA7F60099C6F0 /* Frameworks */,
				D8D2CE712C5CA7F60099C6F0 /* Resources */,
			);
			buildRules = (
			);
			dependencies = (
			);
			fileSystemSynchronizedGroups = (
				D8D2CE752C5CA7F60099C6F0 /* Letports */,
			);
			name = Letports;
			packageProductDependencies = (
			);
			productName = Letports;
			productReference = D8D2CE732C5CA7F60099C6F0 /* Letports.app */;
			productType = "com.apple.product-type.application";
		};
		D8D2CE852C5CA7F70099C6F0 /* LetportsTests */ = {
			isa = PBXNativeTarget;
			buildConfigurationList = D8D2CE9F2C5CA7F70099C6F0 /* Build configuration list for PBXNativeTarget "LetportsTests" */;
			buildPhases = (
				D8D2CE822C5CA7F70099C6F0 /* Sources */,
				D8D2CE832C5CA7F70099C6F0 /* Frameworks */,
				D8D2CE842C5CA7F70099C6F0 /* Resources */,
			);
			buildRules = (
			);
			dependencies = (
				D8D2CE882C5CA7F70099C6F0 /* PBXTargetDependency */,
			);
			fileSystemSynchronizedGroups = (
				D8D2CE892C5CA7F70099C6F0 /* LetportsTests */,
			);
			name = LetportsTests;
			packageProductDependencies = (
			);
			productName = LetportsTests;
			productReference = D8D2CE862C5CA7F70099C6F0 /* LetportsTests.xctest */;
			productType = "com.apple.product-type.bundle.unit-test";
		};
		D8D2CE8F2C5CA7F70099C6F0 /* LetportsUITests */ = {
			isa = PBXNativeTarget;
			buildConfigurationList = D8D2CEA22C5CA7F70099C6F0 /* Build configuration list for PBXNativeTarget "LetportsUITests" */;
			buildPhases = (
				D8D2CE8C2C5CA7F70099C6F0 /* Sources */,
				D8D2CE8D2C5CA7F70099C6F0 /* Frameworks */,
				D8D2CE8E2C5CA7F70099C6F0 /* Resources */,
			);
			buildRules = (
			);
			dependencies = (
				D8D2CE922C5CA7F70099C6F0 /* PBXTargetDependency */,
			);
			fileSystemSynchronizedGroups = (
				D8D2CE932C5CA7F70099C6F0 /* LetportsUITests */,
			);
			name = LetportsUITests;
			packageProductDependencies = (
			);
			productName = LetportsUITests;
			productReference = D8D2CE902C5CA7F70099C6F0 /* LetportsUITests.xctest */;
			productType = "com.apple.product-type.bundle.ui-testing";
		};
/* End PBXNativeTarget section */

/* Begin PBXProject section */
		D8D2CE6B2C5CA7F60099C6F0 /* Project object */ = {
			isa = PBXProject;
			attributes = {
				BuildIndependentTargetsInParallel = 1;
				LastSwiftUpdateCheck = 1600;
				LastUpgradeCheck = 1600;
				TargetAttributes = {
					D8D2CE722C5CA7F60099C6F0 = {
						CreatedOnToolsVersion = 16.0;
					};
					D8D2CE852C5CA7F70099C6F0 = {
						CreatedOnToolsVersion = 16.0;
						TestTargetID = D8D2CE722C5CA7F60099C6F0;
					};
					D8D2CE8F2C5CA7F70099C6F0 = {
						CreatedOnToolsVersion = 16.0;
						TestTargetID = D8D2CE722C5CA7F60099C6F0;
					};
				};
			};
			buildConfigurationList = D8D2CE6E2C5CA7F60099C6F0 /* Build configuration list for PBXProject "Letports" */;
			developmentRegion = en;
			hasScannedForEncodings = 0;
			knownRegions = (
				en,
				Base,
			);
			mainGroup = D8D2CE6A2C5CA7F60099C6F0;
			preferredProjectObjectVersion = 60;
			productRefGroup = D8D2CE742C5CA7F60099C6F0 /* Products */;
			projectDirPath = "";
			projectRoot = "";
			targets = (
				D8D2CE722C5CA7F60099C6F0 /* Letports */,
				D8D2CE852C5CA7F70099C6F0 /* LetportsTests */,
				D8D2CE8F2C5CA7F70099C6F0 /* LetportsUITests */,
			);
		};
/* End PBXProject section */

/* Begin PBXResourcesBuildPhase section */
		D8D2CE712C5CA7F60099C6F0 /* Resources */ = {
			isa = PBXResourcesBuildPhase;
			buildActionMask = 2147483647;
			files = (
			);
			runOnlyForDeploymentPostprocessing = 0;
		};
		D8D2CE842C5CA7F70099C6F0 /* Resources */ = {
			isa = PBXResourcesBuildPhase;
			buildActionMask = 2147483647;
			files = (
			);
			runOnlyForDeploymentPostprocessing = 0;
		};
		D8D2CE8E2C5CA7F70099C6F0 /* Resources */ = {
			isa = PBXResourcesBuildPhase;
			buildActionMask = 2147483647;
			files = (
			);
			runOnlyForDeploymentPostprocessing = 0;
		};
/* End PBXResourcesBuildPhase section */

/* Begin PBXSourcesBuildPhase section */
		D8D2CE6F2C5CA7F60099C6F0 /* Sources */ = {
			isa = PBXSourcesBuildPhase;
			buildActionMask = 2147483647;
			files = (
			);
			runOnlyForDeploymentPostprocessing = 0;
		};
		D8D2CE822C5CA7F70099C6F0 /* Sources */ = {
			isa = PBXSourcesBuildPhase;
			buildActionMask = 2147483647;
			files = (
			);
			runOnlyForDeploymentPostprocessing = 0;
		};
		D8D2CE8C2C5CA7F70099C6F0 /* Sources */ = {
			isa = PBXSourcesBuildPhase;
			buildActionMask = 2147483647;
			files = (
			);
			runOnlyForDeploymentPostprocessing = 0;
		};
/* End PBXSourcesBuildPhase section */

/* Begin PBXTargetDependency section */
		D8D2CE882C5CA7F70099C6F0 /* PBXTargetDependency */ = {
			isa = PBXTargetDependency;
			target = D8D2CE722C5CA7F60099C6F0 /* Letports */;
			targetProxy = D8D2CE872C5CA7F70099C6F0 /* PBXContainerItemProxy */;
		};
		D8D2CE922C5CA7F70099C6F0 /* PBXTargetDependency */ = {
			isa = PBXTargetDependency;
			target = D8D2CE722C5CA7F60099C6F0 /* Letports */;
			targetProxy = D8D2CE912C5CA7F70099C6F0 /* PBXContainerItemProxy */;
		};
/* End PBXTargetDependency section */

/* Begin XCBuildConfiguration section */
		D8D2CE9A2C5CA7F70099C6F0 /* Debug */ = {
			isa = XCBuildConfiguration;
			buildSettings = {
				ASSETCATALOG_COMPILER_APPICON_NAME = AppIcon;
				ASSETCATALOG_COMPILER_GLOBAL_ACCENT_COLOR_NAME = AccentColor;
				CODE_SIGN_STYLE = Automatic;
				CURRENT_PROJECT_VERSION = 1;
				DEVELOPMENT_TEAM = 9VD7JAKR25;
				GENERATE_INFOPLIST_FILE = YES;
				INFOPLIST_FILE = Letports/Info.plist;
				INFOPLIST_KEY_UIApplicationSupportsIndirectInputEvents = YES;
				INFOPLIST_KEY_UILaunchStoryboardName = LaunchScreen;
				INFOPLIST_KEY_UISupportedInterfaceOrientations = UIInterfaceOrientationPortrait;
				INFOPLIST_KEY_UISupportedInterfaceOrientations_iPad = "UIInterfaceOrientationLandscapeLeft UIInterfaceOrientationLandscapeRight UIInterfaceOrientationPortrait UIInterfaceOrientationPortraitUpsideDown";
				IPHONEOS_DEPLOYMENT_TARGET = 17.5;
				LD_RUNPATH_SEARCH_PATHS = (
					"$(inherited)",
					"@executable_path/Frameworks",
				);
				MARKETING_VERSION = 1.0;
				PRODUCT_BUNDLE_IDENTIFIER = com.ApplSchool5.Letports;
				PRODUCT_NAME = "$(TARGET_NAME)";
				SUPPORTED_PLATFORMS = "iphoneos iphonesimulator";
				SUPPORTS_MACCATALYST = NO;
				SUPPORTS_MAC_DESIGNED_FOR_IPHONE_IPAD = NO;
				SUPPORTS_XR_DESIGNED_FOR_IPHONE_IPAD = NO;
				SWIFT_EMIT_LOC_STRINGS = YES;
				SWIFT_VERSION = 5.0;
				TARGETED_DEVICE_FAMILY = 1;
			};
			name = Debug;
		};
		D8D2CE9B2C5CA7F70099C6F0 /* Release */ = {
			isa = XCBuildConfiguration;
			buildSettings = {
				ASSETCATALOG_COMPILER_APPICON_NAME = AppIcon;
				ASSETCATALOG_COMPILER_GLOBAL_ACCENT_COLOR_NAME = AccentColor;
				CODE_SIGN_STYLE = Automatic;
				CURRENT_PROJECT_VERSION = 1;
				DEVELOPMENT_TEAM = 9VD7JAKR25;
				GENERATE_INFOPLIST_FILE = YES;
				INFOPLIST_FILE = Letports/Info.plist;
				INFOPLIST_KEY_UIApplicationSupportsIndirectInputEvents = YES;
				INFOPLIST_KEY_UILaunchStoryboardName = LaunchScreen;
				INFOPLIST_KEY_UISupportedInterfaceOrientations = UIInterfaceOrientationPortrait;
				INFOPLIST_KEY_UISupportedInterfaceOrientations_iPad = "UIInterfaceOrientationLandscapeLeft UIInterfaceOrientationLandscapeRight UIInterfaceOrientationPortrait UIInterfaceOrientationPortraitUpsideDown";
				IPHONEOS_DEPLOYMENT_TARGET = 17.5;
				LD_RUNPATH_SEARCH_PATHS = (
					"$(inherited)",
					"@executable_path/Frameworks",
				);
				MARKETING_VERSION = 1.0;
				PRODUCT_BUNDLE_IDENTIFIER = com.ApplSchool5.Letports;
				PRODUCT_NAME = "$(TARGET_NAME)";
				SUPPORTED_PLATFORMS = "iphoneos iphonesimulator";
				SUPPORTS_MACCATALYST = NO;
				SUPPORTS_MAC_DESIGNED_FOR_IPHONE_IPAD = NO;
				SUPPORTS_XR_DESIGNED_FOR_IPHONE_IPAD = NO;
				SWIFT_EMIT_LOC_STRINGS = YES;
				SWIFT_VERSION = 5.0;
				TARGETED_DEVICE_FAMILY = 1;
			};
			name = Release;
		};
		D8D2CE9D2C5CA7F70099C6F0 /* Debug */ = {
			isa = XCBuildConfiguration;
			buildSettings = {
				ALWAYS_SEARCH_USER_PATHS = NO;
				ASSETCATALOG_COMPILER_GENERATE_SWIFT_ASSET_SYMBOL_EXTENSIONS = YES;
				CLANG_ANALYZER_NONNULL = YES;
				CLANG_ANALYZER_NUMBER_OBJECT_CONVERSION = YES_AGGRESSIVE;
				CLANG_CXX_LANGUAGE_STANDARD = "gnu++20";
				CLANG_ENABLE_MODULES = YES;
				CLANG_ENABLE_OBJC_ARC = YES;
				CLANG_ENABLE_OBJC_WEAK = YES;
				CLANG_WARN_BLOCK_CAPTURE_AUTORELEASING = YES;
				CLANG_WARN_BOOL_CONVERSION = YES;
				CLANG_WARN_COMMA = YES;
				CLANG_WARN_CONSTANT_CONVERSION = YES;
				CLANG_WARN_DEPRECATED_OBJC_IMPLEMENTATIONS = YES;
				CLANG_WARN_DIRECT_OBJC_ISA_USAGE = YES_ERROR;
				CLANG_WARN_DOCUMENTATION_COMMENTS = YES;
				CLANG_WARN_EMPTY_BODY = YES;
				CLANG_WARN_ENUM_CONVERSION = YES;
				CLANG_WARN_INFINITE_RECURSION = YES;
				CLANG_WARN_INT_CONVERSION = YES;
				CLANG_WARN_NON_LITERAL_NULL_CONVERSION = YES;
				CLANG_WARN_OBJC_IMPLICIT_RETAIN_SELF = YES;
				CLANG_WARN_OBJC_LITERAL_CONVERSION = YES;
				CLANG_WARN_OBJC_ROOT_CLASS = YES_ERROR;
				CLANG_WARN_QUOTED_INCLUDE_IN_FRAMEWORK_HEADER = YES;
				CLANG_WARN_RANGE_LOOP_ANALYSIS = YES;
				CLANG_WARN_STRICT_PROTOTYPES = YES;
				CLANG_WARN_SUSPICIOUS_MOVE = YES;
				CLANG_WARN_UNGUARDED_AVAILABILITY = YES_AGGRESSIVE;
				CLANG_WARN_UNREACHABLE_CODE = YES;
				CLANG_WARN__DUPLICATE_METHOD_MATCH = YES;
				COPY_PHASE_STRIP = NO;
				DEBUG_INFORMATION_FORMAT = dwarf;
				ENABLE_STRICT_OBJC_MSGSEND = YES;
				ENABLE_TESTABILITY = YES;
				ENABLE_USER_SCRIPT_SANDBOXING = YES;
				GCC_C_LANGUAGE_STANDARD = gnu17;
				GCC_DYNAMIC_NO_PIC = NO;
				GCC_NO_COMMON_BLOCKS = YES;
				GCC_OPTIMIZATION_LEVEL = 0;
				GCC_PREPROCESSOR_DEFINITIONS = (
					"DEBUG=1",
					"$(inherited)",
				);
				GCC_WARN_64_TO_32_BIT_CONVERSION = YES;
				GCC_WARN_ABOUT_RETURN_TYPE = YES_ERROR;
				GCC_WARN_UNDECLARED_SELECTOR = YES;
				GCC_WARN_UNINITIALIZED_AUTOS = YES_AGGRESSIVE;
				GCC_WARN_UNUSED_FUNCTION = YES;
				GCC_WARN_UNUSED_VARIABLE = YES;
				IPHONEOS_DEPLOYMENT_TARGET = 18.0;
				LOCALIZATION_PREFERS_STRING_CATALOGS = YES;
				MTL_ENABLE_DEBUG_INFO = INCLUDE_SOURCE;
				MTL_FAST_MATH = YES;
				ONLY_ACTIVE_ARCH = YES;
				SDKROOT = iphoneos;
				SWIFT_ACTIVE_COMPILATION_CONDITIONS = "DEBUG $(inherited)";
				SWIFT_OPTIMIZATION_LEVEL = "-Onone";
			};
			name = Debug;
		};
		D8D2CE9E2C5CA7F70099C6F0 /* Release */ = {
			isa = XCBuildConfiguration;
			buildSettings = {
				ALWAYS_SEARCH_USER_PATHS = NO;
				ASSETCATALOG_COMPILER_GENERATE_SWIFT_ASSET_SYMBOL_EXTENSIONS = YES;
				CLANG_ANALYZER_NONNULL = YES;
				CLANG_ANALYZER_NUMBER_OBJECT_CONVERSION = YES_AGGRESSIVE;
				CLANG_CXX_LANGUAGE_STANDARD = "gnu++20";
				CLANG_ENABLE_MODULES = YES;
				CLANG_ENABLE_OBJC_ARC = YES;
				CLANG_ENABLE_OBJC_WEAK = YES;
				CLANG_WARN_BLOCK_CAPTURE_AUTORELEASING = YES;
				CLANG_WARN_BOOL_CONVERSION = YES;
				CLANG_WARN_COMMA = YES;
				CLANG_WARN_CONSTANT_CONVERSION = YES;
				CLANG_WARN_DEPRECATED_OBJC_IMPLEMENTATIONS = YES;
				CLANG_WARN_DIRECT_OBJC_ISA_USAGE = YES_ERROR;
				CLANG_WARN_DOCUMENTATION_COMMENTS = YES;
				CLANG_WARN_EMPTY_BODY = YES;
				CLANG_WARN_ENUM_CONVERSION = YES;
				CLANG_WARN_INFINITE_RECURSION = YES;
				CLANG_WARN_INT_CONVERSION = YES;
				CLANG_WARN_NON_LITERAL_NULL_CONVERSION = YES;
				CLANG_WARN_OBJC_IMPLICIT_RETAIN_SELF = YES;
				CLANG_WARN_OBJC_LITERAL_CONVERSION = YES;
				CLANG_WARN_OBJC_ROOT_CLASS = YES_ERROR;
				CLANG_WARN_QUOTED_INCLUDE_IN_FRAMEWORK_HEADER = YES;
				CLANG_WARN_RANGE_LOOP_ANALYSIS = YES;
				CLANG_WARN_STRICT_PROTOTYPES = YES;
				CLANG_WARN_SUSPICIOUS_MOVE = YES;
				CLANG_WARN_UNGUARDED_AVAILABILITY = YES_AGGRESSIVE;
				CLANG_WARN_UNREACHABLE_CODE = YES;
				CLANG_WARN__DUPLICATE_METHOD_MATCH = YES;
				COPY_PHASE_STRIP = NO;
				DEBUG_INFORMATION_FORMAT = "dwarf-with-dsym";
				ENABLE_NS_ASSERTIONS = NO;
				ENABLE_STRICT_OBJC_MSGSEND = YES;
				ENABLE_USER_SCRIPT_SANDBOXING = YES;
				GCC_C_LANGUAGE_STANDARD = gnu17;
				GCC_NO_COMMON_BLOCKS = YES;
				GCC_WARN_64_TO_32_BIT_CONVERSION = YES;
				GCC_WARN_ABOUT_RETURN_TYPE = YES_ERROR;
				GCC_WARN_UNDECLARED_SELECTOR = YES;
				GCC_WARN_UNINITIALIZED_AUTOS = YES_AGGRESSIVE;
				GCC_WARN_UNUSED_FUNCTION = YES;
				GCC_WARN_UNUSED_VARIABLE = YES;
				IPHONEOS_DEPLOYMENT_TARGET = 18.0;
				LOCALIZATION_PREFERS_STRING_CATALOGS = YES;
				MTL_ENABLE_DEBUG_INFO = NO;
				MTL_FAST_MATH = YES;
				SDKROOT = iphoneos;
				SWIFT_COMPILATION_MODE = wholemodule;
				VALIDATE_PRODUCT = YES;
			};
			name = Release;
		};
		D8D2CEA02C5CA7F70099C6F0 /* Debug */ = {
			isa = XCBuildConfiguration;
			buildSettings = {
				BUNDLE_LOADER = "$(TEST_HOST)";
				CODE_SIGN_STYLE = Automatic;
				CURRENT_PROJECT_VERSION = 1;
				DEVELOPMENT_TEAM = 9VD7JAKR25;
				GENERATE_INFOPLIST_FILE = YES;
				IPHONEOS_DEPLOYMENT_TARGET = 18.0;
				MARKETING_VERSION = 1.0;
				PRODUCT_BUNDLE_IDENTIFIER = com.ApplSchool5.LetportsTests;
				PRODUCT_NAME = "$(TARGET_NAME)";
				SWIFT_EMIT_LOC_STRINGS = NO;
				SWIFT_VERSION = 5.0;
				TARGETED_DEVICE_FAMILY = "1,2";
				TEST_HOST = "$(BUILT_PRODUCTS_DIR)/Letports.app/$(BUNDLE_EXECUTABLE_FOLDER_PATH)/Letports";
			};
			name = Debug;
		};
		D8D2CEA12C5CA7F70099C6F0 /* Release */ = {
			isa = XCBuildConfiguration;
			buildSettings = {
				BUNDLE_LOADER = "$(TEST_HOST)";
				CODE_SIGN_STYLE = Automatic;
				CURRENT_PROJECT_VERSION = 1;
				DEVELOPMENT_TEAM = 9VD7JAKR25;
				GENERATE_INFOPLIST_FILE = YES;
				IPHONEOS_DEPLOYMENT_TARGET = 18.0;
				MARKETING_VERSION = 1.0;
				PRODUCT_BUNDLE_IDENTIFIER = com.ApplSchool5.LetportsTests;
				PRODUCT_NAME = "$(TARGET_NAME)";
				SWIFT_EMIT_LOC_STRINGS = NO;
				SWIFT_VERSION = 5.0;
				TARGETED_DEVICE_FAMILY = "1,2";
				TEST_HOST = "$(BUILT_PRODUCTS_DIR)/Letports.app/$(BUNDLE_EXECUTABLE_FOLDER_PATH)/Letports";
			};
			name = Release;
		};
		D8D2CEA32C5CA7F70099C6F0 /* Debug */ = {
			isa = XCBuildConfiguration;
			buildSettings = {
				CODE_SIGN_STYLE = Automatic;
				CURRENT_PROJECT_VERSION = 1;
				DEVELOPMENT_TEAM = 9VD7JAKR25;
				GENERATE_INFOPLIST_FILE = YES;
				MARKETING_VERSION = 1.0;
				PRODUCT_BUNDLE_IDENTIFIER = com.ApplSchool5.LetportsUITests;
				PRODUCT_NAME = "$(TARGET_NAME)";
				SWIFT_EMIT_LOC_STRINGS = NO;
				SWIFT_VERSION = 5.0;
				TARGETED_DEVICE_FAMILY = "1,2";
				TEST_TARGET_NAME = Letports;
			};
			name = Debug;
		};
		D8D2CEA42C5CA7F70099C6F0 /* Release */ = {
			isa = XCBuildConfiguration;
			buildSettings = {
				CODE_SIGN_STYLE = Automatic;
				CURRENT_PROJECT_VERSION = 1;
				DEVELOPMENT_TEAM = 9VD7JAKR25;
				GENERATE_INFOPLIST_FILE = YES;
				MARKETING_VERSION = 1.0;
				PRODUCT_BUNDLE_IDENTIFIER = com.ApplSchool5.LetportsUITests;
				PRODUCT_NAME = "$(TARGET_NAME)";
				SWIFT_EMIT_LOC_STRINGS = NO;
				SWIFT_VERSION = 5.0;
				TARGETED_DEVICE_FAMILY = "1,2";
				TEST_TARGET_NAME = Letports;
			};
			name = Release;
		};
/* End XCBuildConfiguration section */

/* Begin XCConfigurationList section */
		D8D2CE6E2C5CA7F60099C6F0 /* Build configuration list for PBXProject "Letports" */ = {
			isa = XCConfigurationList;
			buildConfigurations = (
				D8D2CE9D2C5CA7F70099C6F0 /* Debug */,
				D8D2CE9E2C5CA7F70099C6F0 /* Release */,
			);
			defaultConfigurationIsVisible = 0;
			defaultConfigurationName = Release;
		};
		D8D2CE992C5CA7F70099C6F0 /* Build configuration list for PBXNativeTarget "Letports" */ = {
			isa = XCConfigurationList;
			buildConfigurations = (
				D8D2CE9A2C5CA7F70099C6F0 /* Debug */,
				D8D2CE9B2C5CA7F70099C6F0 /* Release */,
			);
			defaultConfigurationIsVisible = 0;
			defaultConfigurationName = Release;
		};
		D8D2CE9F2C5CA7F70099C6F0 /* Build configuration list for PBXNativeTarget "LetportsTests" */ = {
			isa = XCConfigurationList;
			buildConfigurations = (
				D8D2CEA02C5CA7F70099C6F0 /* Debug */,
				D8D2CEA12C5CA7F70099C6F0 /* Release */,
			);
			defaultConfigurationIsVisible = 0;
			defaultConfigurationName = Release;
		};
		D8D2CEA22C5CA7F70099C6F0 /* Build configuration list for PBXNativeTarget "LetportsUITests" */ = {
			isa = XCConfigurationList;
			buildConfigurations = (
				D8D2CEA32C5CA7F70099C6F0 /* Debug */,
				D8D2CEA42C5CA7F70099C6F0 /* Release */,
			);
			defaultConfigurationIsVisible = 0;
			defaultConfigurationName = Release;
		};
/* End XCConfigurationList section */
	};
	rootObject = D8D2CE6B2C5CA7F60099C6F0 /* Project object */;
}
